// !$*UTF8*$!
{
	archiveVersion = 1;
	classes = {
	};
	objectVersion = 50;
	objects = {

/* Begin PBXBuildFile section */
		A705EFD22673FFB100933D52 /* FeedItem.swift in Sources */ = {isa = PBXBuildFile; fileRef = A7A90D3B266876CD00F11414 /* FeedItem.swift */; };
		A7170A1C2670554C0027BF1B /* RemoteFeedLoader.swift in Sources */ = {isa = PBXBuildFile; fileRef = A7170A1B2670554C0027BF1B /* RemoteFeedLoader.swift */; };
		A7170A1F267055BF0027BF1B /* RemoteFeedLoader.swift in Sources */ = {isa = PBXBuildFile; fileRef = A7170A1B2670554C0027BF1B /* RemoteFeedLoader.swift */; };
		A799CD322674A59D00A099E3 /* HTTPClient.swift in Sources */ = {isa = PBXBuildFile; fileRef = A799CD312674A59D00A099E3 /* HTTPClient.swift */; };
		A799CD332674A59D00A099E3 /* HTTPClient.swift in Sources */ = {isa = PBXBuildFile; fileRef = A799CD312674A59D00A099E3 /* HTTPClient.swift */; };
		A799CD372674A60400A099E3 /* FeedItemMapper.swift in Sources */ = {isa = PBXBuildFile; fileRef = A799CD362674A60400A099E3 /* FeedItemMapper.swift */; };
		A799CD382674A60400A099E3 /* FeedItemMapper.swift in Sources */ = {isa = PBXBuildFile; fileRef = A799CD362674A60400A099E3 /* FeedItemMapper.swift */; };
		A799CD3B2674E05900A099E3 /* FeedLoader.swift in Sources */ = {isa = PBXBuildFile; fileRef = A7A90D3F2668777900F11414 /* FeedLoader.swift */; };
		A7A90D292668750200F11414 /* FeedFramework.framework in Frameworks */ = {isa = PBXBuildFile; fileRef = A7A90D1F2668750100F11414 /* FeedFramework.framework */; };
		A7A90D2E2668750200F11414 /* FeedFrameworkTests.swift in Sources */ = {isa = PBXBuildFile; fileRef = A7A90D2D2668750200F11414 /* FeedFrameworkTests.swift */; };
		A7A90D302668750200F11414 /* FeedFramework.h in Headers */ = {isa = PBXBuildFile; fileRef = A7A90D222668750100F11414 /* FeedFramework.h */; settings = {ATTRIBUTES = (Public, ); }; };
		A7A90D3C266876CD00F11414 /* FeedItem.swift in Sources */ = {isa = PBXBuildFile; fileRef = A7A90D3B266876CD00F11414 /* FeedItem.swift */; };
		A7A90D402668777900F11414 /* FeedLoader.swift in Sources */ = {isa = PBXBuildFile; fileRef = A7A90D3F2668777900F11414 /* FeedLoader.swift */; };
		A7A90D4D26687A0300F11414 /* RemoteFeedLoaderTests.swift in Sources */ = {isa = PBXBuildFile; fileRef = A7A90D4C26687A0300F11414 /* RemoteFeedLoaderTests.swift */; };
/* End PBXBuildFile section */

/* Begin PBXContainerItemProxy section */
		A7A90D2A2668750200F11414 /* PBXContainerItemProxy */ = {
			isa = PBXContainerItemProxy;
			containerPortal = A7A90D162668750100F11414 /* Project object */;
			proxyType = 1;
			remoteGlobalIDString = A7A90D1E2668750100F11414;
			remoteInfo = FeedFramework;
		};
/* End PBXContainerItemProxy section */

/* Begin PBXFileReference section */
		A7170A1B2670554C0027BF1B /* RemoteFeedLoader.swift */ = {isa = PBXFileReference; lastKnownFileType = sourcecode.swift; path = RemoteFeedLoader.swift; sourceTree = "<group>"; };
		A799CD312674A59D00A099E3 /* HTTPClient.swift */ = {isa = PBXFileReference; lastKnownFileType = sourcecode.swift; path = HTTPClient.swift; sourceTree = "<group>"; };
		A799CD362674A60400A099E3 /* FeedItemMapper.swift */ = {isa = PBXFileReference; lastKnownFileType = sourcecode.swift; path = FeedItemMapper.swift; sourceTree = "<group>"; };
		A7A90D1F2668750100F11414 /* FeedFramework.framework */ = {isa = PBXFileReference; explicitFileType = wrapper.framework; includeInIndex = 0; path = FeedFramework.framework; sourceTree = BUILT_PRODUCTS_DIR; };
		A7A90D222668750100F11414 /* FeedFramework.h */ = {isa = PBXFileReference; lastKnownFileType = sourcecode.c.h; path = FeedFramework.h; sourceTree = "<group>"; };
		A7A90D232668750100F11414 /* Info.plist */ = {isa = PBXFileReference; lastKnownFileType = text.plist.xml; path = Info.plist; sourceTree = "<group>"; };
		A7A90D282668750200F11414 /* FeedFrameworkTests.xctest */ = {isa = PBXFileReference; explicitFileType = wrapper.cfbundle; includeInIndex = 0; path = FeedFrameworkTests.xctest; sourceTree = BUILT_PRODUCTS_DIR; };
		A7A90D2D2668750200F11414 /* FeedFrameworkTests.swift */ = {isa = PBXFileReference; lastKnownFileType = sourcecode.swift; path = FeedFrameworkTests.swift; sourceTree = "<group>"; };
		A7A90D2F2668750200F11414 /* Info.plist */ = {isa = PBXFileReference; lastKnownFileType = text.plist.xml; path = Info.plist; sourceTree = "<group>"; };
		A7A90D3B266876CD00F11414 /* FeedItem.swift */ = {isa = PBXFileReference; lastKnownFileType = sourcecode.swift; path = FeedItem.swift; sourceTree = "<group>"; };
		A7A90D3F2668777900F11414 /* FeedLoader.swift */ = {isa = PBXFileReference; lastKnownFileType = sourcecode.swift; path = FeedLoader.swift; sourceTree = "<group>"; };
		A7A90D4C26687A0300F11414 /* RemoteFeedLoaderTests.swift */ = {isa = PBXFileReference; lastKnownFileType = sourcecode.swift; path = RemoteFeedLoaderTests.swift; sourceTree = "<group>"; };
/* End PBXFileReference section */

/* Begin PBXFrameworksBuildPhase section */
		A7A90D1C2668750100F11414 /* Frameworks */ = {
			isa = PBXFrameworksBuildPhase;
			buildActionMask = 2147483647;
			files = (
			);
			runOnlyForDeploymentPostprocessing = 0;
		};
		A7A90D252668750200F11414 /* Frameworks */ = {
			isa = PBXFrameworksBuildPhase;
			buildActionMask = 2147483647;
			files = (
				A7A90D292668750200F11414 /* FeedFramework.framework in Frameworks */,
			);
			runOnlyForDeploymentPostprocessing = 0;
		};
/* End PBXFrameworksBuildPhase section */

/* Begin PBXGroup section */
		A7170A1A267055300027BF1B /* FeedAPI */ = {
			isa = PBXGroup;
			children = (
				A7170A1B2670554C0027BF1B /* RemoteFeedLoader.swift */,
			);
			path = FeedAPI;
			sourceTree = "<group>";
		};
		A7A90D152668750100F11414 = {
			isa = PBXGroup;
			children = (
				A7A90D212668750100F11414 /* FeedFramework */,
				A7A90D2C2668750200F11414 /* FeedFrameworkTests */,
				A7A90D202668750100F11414 /* Products */,
			);
			sourceTree = "<group>";
		};
		A7A90D202668750100F11414 /* Products */ = {
			isa = PBXGroup;
			children = (
				A7A90D1F2668750100F11414 /* FeedFramework.framework */,
				A7A90D282668750200F11414 /* FeedFrameworkTests.xctest */,
			);
			name = Products;
			sourceTree = "<group>";
		};
		A7A90D212668750100F11414 /* FeedFramework */ = {
			isa = PBXGroup;
			children = (
				A7170A1A267055300027BF1B /* FeedAPI */,
				A7A90D222668750100F11414 /* FeedFramework.h */,
				A7A90D232668750100F11414 /* Info.plist */,
				A7A90D432668788900F11414 /* FeedFeature */,
			);
			path = FeedFramework;
			sourceTree = "<group>";
		};
		A7A90D2C2668750200F11414 /* FeedFrameworkTests */ = {
			isa = PBXGroup;
			children = (
				A7A90D2D2668750200F11414 /* FeedFrameworkTests.swift */,
				A7A90D2F2668750200F11414 /* Info.plist */,
				A7A90D4C26687A0300F11414 /* RemoteFeedLoaderTests.swift */,
			);
			path = FeedFrameworkTests;
			sourceTree = "<group>";
		};
		A7A90D432668788900F11414 /* FeedFeature */ = {
			isa = PBXGroup;
			children = (
				A7A90D3B266876CD00F11414 /* FeedItem.swift */,
				A7A90D3F2668777900F11414 /* FeedLoader.swift */,
				A799CD312674A59D00A099E3 /* HTTPClient.swift */,
				A799CD362674A60400A099E3 /* FeedItemMapper.swift */,
			);
			path = FeedFeature;
			sourceTree = "<group>";
		};
/* End PBXGroup section */

/* Begin PBXHeadersBuildPhase section */
		A7A90D1A2668750100F11414 /* Headers */ = {
			isa = PBXHeadersBuildPhase;
			buildActionMask = 2147483647;
			files = (
				A7A90D302668750200F11414 /* FeedFramework.h in Headers */,
			);
			runOnlyForDeploymentPostprocessing = 0;
		};
/* End PBXHeadersBuildPhase section */

/* Begin PBXNativeTarget section */
		A7A90D1E2668750100F11414 /* FeedFramework */ = {
			isa = PBXNativeTarget;
			buildConfigurationList = A7A90D332668750200F11414 /* Build configuration list for PBXNativeTarget "FeedFramework" */;
			buildPhases = (
				A7A90D1A2668750100F11414 /* Headers */,
				A7A90D1B2668750100F11414 /* Sources */,
				A7A90D1C2668750100F11414 /* Frameworks */,
				A7A90D1D2668750100F11414 /* Resources */,
			);
			buildRules = (
			);
			dependencies = (
			);
			name = FeedFramework;
			productName = FeedFramework;
			productReference = A7A90D1F2668750100F11414 /* FeedFramework.framework */;
			productType = "com.apple.product-type.framework";
		};
		A7A90D272668750200F11414 /* FeedFrameworkTests */ = {
			isa = PBXNativeTarget;
			buildConfigurationList = A7A90D362668750200F11414 /* Build configuration list for PBXNativeTarget "FeedFrameworkTests" */;
			buildPhases = (
				A7A90D242668750200F11414 /* Sources */,
				A7A90D252668750200F11414 /* Frameworks */,
				A7A90D262668750200F11414 /* Resources */,
			);
			buildRules = (
			);
			dependencies = (
				A7A90D2B2668750200F11414 /* PBXTargetDependency */,
			);
			name = FeedFrameworkTests;
			productName = FeedFrameworkTests;
			productReference = A7A90D282668750200F11414 /* FeedFrameworkTests.xctest */;
			productType = "com.apple.product-type.bundle.unit-test";
		};
/* End PBXNativeTarget section */

/* Begin PBXProject section */
		A7A90D162668750100F11414 /* Project object */ = {
			isa = PBXProject;
			attributes = {
				LastSwiftUpdateCheck = 1240;
				LastUpgradeCheck = 1240;
				TargetAttributes = {
					A7A90D1E2668750100F11414 = {
						CreatedOnToolsVersion = 12.4;
						LastSwiftMigration = 1240;
					};
					A7A90D272668750200F11414 = {
						CreatedOnToolsVersion = 12.4;
					};
				};
			};
			buildConfigurationList = A7A90D192668750100F11414 /* Build configuration list for PBXProject "FeedFramework" */;
			compatibilityVersion = "Xcode 9.3";
			developmentRegion = en;
			hasScannedForEncodings = 0;
			knownRegions = (
				en,
				Base,
			);
			mainGroup = A7A90D152668750100F11414;
			productRefGroup = A7A90D202668750100F11414 /* Products */;
			projectDirPath = "";
			projectRoot = "";
			targets = (
				A7A90D1E2668750100F11414 /* FeedFramework */,
				A7A90D272668750200F11414 /* FeedFrameworkTests */,
			);
		};
/* End PBXProject section */

/* Begin PBXResourcesBuildPhase section */
		A7A90D1D2668750100F11414 /* Resources */ = {
			isa = PBXResourcesBuildPhase;
			buildActionMask = 2147483647;
			files = (
			);
			runOnlyForDeploymentPostprocessing = 0;
		};
		A7A90D262668750200F11414 /* Resources */ = {
			isa = PBXResourcesBuildPhase;
			buildActionMask = 2147483647;
			files = (
			);
			runOnlyForDeploymentPostprocessing = 0;
		};
/* End PBXResourcesBuildPhase section */

/* Begin PBXSourcesBuildPhase section */
		A7A90D1B2668750100F11414 /* Sources */ = {
			isa = PBXSourcesBuildPhase;
			buildActionMask = 2147483647;
			files = (
				A7A90D402668777900F11414 /* FeedLoader.swift in Sources */,
				A799CD372674A60400A099E3 /* FeedItemMapper.swift in Sources */,
				A7170A1C2670554C0027BF1B /* RemoteFeedLoader.swift in Sources */,
				A799CD322674A59D00A099E3 /* HTTPClient.swift in Sources */,
				A7A90D3C266876CD00F11414 /* FeedItem.swift in Sources */,
			);
			runOnlyForDeploymentPostprocessing = 0;
		};
		A7A90D242668750200F11414 /* Sources */ = {
			isa = PBXSourcesBuildPhase;
			buildActionMask = 2147483647;
			files = (
				A799CD3B2674E05900A099E3 /* FeedLoader.swift in Sources */,
				A705EFD22673FFB100933D52 /* FeedItem.swift in Sources */,
				A799CD332674A59D00A099E3 /* HTTPClient.swift in Sources */,
				A7A90D4D26687A0300F11414 /* RemoteFeedLoaderTests.swift in Sources */,
				A799CD382674A60400A099E3 /* FeedItemMapper.swift in Sources */,
				A7170A1F267055BF0027BF1B /* RemoteFeedLoader.swift in Sources */,
				A7A90D2E2668750200F11414 /* FeedFrameworkTests.swift in Sources */,
			);
			runOnlyForDeploymentPostprocessing = 0;
		};
/* End PBXSourcesBuildPhase section */

/* Begin PBXTargetDependency section */
		A7A90D2B2668750200F11414 /* PBXTargetDependency */ = {
			isa = PBXTargetDependency;
			target = A7A90D1E2668750100F11414 /* FeedFramework */;
			targetProxy = A7A90D2A2668750200F11414 /* PBXContainerItemProxy */;
		};
/* End PBXTargetDependency section */

/* Begin XCBuildConfiguration section */
		A7A90D312668750200F11414 /* Debug */ = {
			isa = XCBuildConfiguration;
			buildSettings = {
				ALWAYS_SEARCH_USER_PATHS = NO;
				CLANG_ANALYZER_NONNULL = YES;
				CLANG_ANALYZER_NUMBER_OBJECT_CONVERSION = YES_AGGRESSIVE;
				CLANG_CXX_LANGUAGE_STANDARD = "gnu++14";
				CLANG_CXX_LIBRARY = "libc++";
				CLANG_ENABLE_MODULES = YES;
				CLANG_ENABLE_OBJC_ARC = YES;
				CLANG_ENABLE_OBJC_WEAK = YES;
				CLANG_WARN_BLOCK_CAPTURE_AUTORELEASING = YES;
				CLANG_WARN_BOOL_CONVERSION = YES;
				CLANG_WARN_COMMA = YES;
				CLANG_WARN_CONSTANT_CONVERSION = YES;
				CLANG_WARN_DEPRECATED_OBJC_IMPLEMENTATIONS = YES;
				CLANG_WARN_DIRECT_OBJC_ISA_USAGE = YES_ERROR;
				CLANG_WARN_DOCUMENTATION_COMMENTS = YES;
				CLANG_WARN_EMPTY_BODY = YES;
				CLANG_WARN_ENUM_CONVERSION = YES;
				CLANG_WARN_INFINITE_RECURSION = YES;
				CLANG_WARN_INT_CONVERSION = YES;
				CLANG_WARN_NON_LITERAL_NULL_CONVERSION = YES;
				CLANG_WARN_OBJC_IMPLICIT_RETAIN_SELF = YES;
				CLANG_WARN_OBJC_LITERAL_CONVERSION = YES;
				CLANG_WARN_OBJC_ROOT_CLASS = YES_ERROR;
				CLANG_WARN_QUOTED_INCLUDE_IN_FRAMEWORK_HEADER = YES;
				CLANG_WARN_RANGE_LOOP_ANALYSIS = YES;
				CLANG_WARN_STRICT_PROTOTYPES = YES;
				CLANG_WARN_SUSPICIOUS_MOVE = YES;
				CLANG_WARN_UNGUARDED_AVAILABILITY = YES_AGGRESSIVE;
				CLANG_WARN_UNREACHABLE_CODE = YES;
				CLANG_WARN__DUPLICATE_METHOD_MATCH = YES;
				COPY_PHASE_STRIP = NO;
				CURRENT_PROJECT_VERSION = 1;
				DEBUG_INFORMATION_FORMAT = dwarf;
				ENABLE_STRICT_OBJC_MSGSEND = YES;
				ENABLE_TESTABILITY = YES;
				GCC_C_LANGUAGE_STANDARD = gnu11;
				GCC_DYNAMIC_NO_PIC = NO;
				GCC_NO_COMMON_BLOCKS = YES;
				GCC_OPTIMIZATION_LEVEL = 0;
				GCC_PREPROCESSOR_DEFINITIONS = (
					"DEBUG=1",
					"$(inherited)",
				);
				GCC_WARN_64_TO_32_BIT_CONVERSION = YES;
				GCC_WARN_ABOUT_RETURN_TYPE = YES_ERROR;
				GCC_WARN_UNDECLARED_SELECTOR = YES;
				GCC_WARN_UNINITIALIZED_AUTOS = YES_AGGRESSIVE;
				GCC_WARN_UNUSED_FUNCTION = YES;
				GCC_WARN_UNUSED_VARIABLE = YES;
				MACOSX_DEPLOYMENT_TARGET = 11.1;
				MTL_ENABLE_DEBUG_INFO = INCLUDE_SOURCE;
				MTL_FAST_MATH = YES;
				ONLY_ACTIVE_ARCH = YES;
				SDKROOT = macosx;
				SWIFT_ACTIVE_COMPILATION_CONDITIONS = DEBUG;
				SWIFT_OPTIMIZATION_LEVEL = "-Onone";
				VERSIONING_SYSTEM = "apple-generic";
				VERSION_INFO_PREFIX = "";
			};
			name = Debug;
		};
		A7A90D322668750200F11414 /* Release */ = {
			isa = XCBuildConfiguration;
			buildSettings = {
				ALWAYS_SEARCH_USER_PATHS = NO;
				CLANG_ANALYZER_NONNULL = YES;
				CLANG_ANALYZER_NUMBER_OBJECT_CONVERSION = YES_AGGRESSIVE;
				CLANG_CXX_LANGUAGE_STANDARD = "gnu++14";
				CLANG_CXX_LIBRARY = "libc++";
				CLANG_ENABLE_MODULES = YES;
				CLANG_ENABLE_OBJC_ARC = YES;
				CLANG_ENABLE_OBJC_WEAK = YES;
				CLANG_WARN_BLOCK_CAPTURE_AUTORELEASING = YES;
				CLANG_WARN_BOOL_CONVERSION = YES;
				CLANG_WARN_COMMA = YES;
				CLANG_WARN_CONSTANT_CONVERSION = YES;
				CLANG_WARN_DEPRECATED_OBJC_IMPLEMENTATIONS = YES;
				CLANG_WARN_DIRECT_OBJC_ISA_USAGE = YES_ERROR;
				CLANG_WARN_DOCUMENTATION_COMMENTS = YES;
				CLANG_WARN_EMPTY_BODY = YES;
				CLANG_WARN_ENUM_CONVERSION = YES;
				CLANG_WARN_INFINITE_RECURSION = YES;
				CLANG_WARN_INT_CONVERSION = YES;
				CLANG_WARN_NON_LITERAL_NULL_CONVERSION = YES;
				CLANG_WARN_OBJC_IMPLICIT_RETAIN_SELF = YES;
				CLANG_WARN_OBJC_LITERAL_CONVERSION = YES;
				CLANG_WARN_OBJC_ROOT_CLASS = YES_ERROR;
				CLANG_WARN_QUOTED_INCLUDE_IN_FRAMEWORK_HEADER = YES;
				CLANG_WARN_RANGE_LOOP_ANALYSIS = YES;
				CLANG_WARN_STRICT_PROTOTYPES = YES;
				CLANG_WARN_SUSPICIOUS_MOVE = YES;
				CLANG_WARN_UNGUARDED_AVAILABILITY = YES_AGGRESSIVE;
				CLANG_WARN_UNREACHABLE_CODE = YES;
				CLANG_WARN__DUPLICATE_METHOD_MATCH = YES;
				COPY_PHASE_STRIP = NO;
				CURRENT_PROJECT_VERSION = 1;
				DEBUG_INFORMATION_FORMAT = "dwarf-with-dsym";
				ENABLE_NS_ASSERTIONS = NO;
				ENABLE_STRICT_OBJC_MSGSEND = YES;
				GCC_C_LANGUAGE_STANDARD = gnu11;
				GCC_NO_COMMON_BLOCKS = YES;
				GCC_WARN_64_TO_32_BIT_CONVERSION = YES;
				GCC_WARN_ABOUT_RETURN_TYPE = YES_ERROR;
				GCC_WARN_UNDECLARED_SELECTOR = YES;
				GCC_WARN_UNINITIALIZED_AUTOS = YES_AGGRESSIVE;
				GCC_WARN_UNUSED_FUNCTION = YES;
				GCC_WARN_UNUSED_VARIABLE = YES;
				MACOSX_DEPLOYMENT_TARGET = 11.1;
				MTL_ENABLE_DEBUG_INFO = NO;
				MTL_FAST_MATH = YES;
				SDKROOT = macosx;
				SWIFT_COMPILATION_MODE = wholemodule;
				SWIFT_OPTIMIZATION_LEVEL = "-O";
				VERSIONING_SYSTEM = "apple-generic";
				VERSION_INFO_PREFIX = "";
			};
			name = Release;
		};
		A7A90D342668750200F11414 /* Debug */ = {
			isa = XCBuildConfiguration;
			buildSettings = {
				CLANG_ENABLE_MODULES = YES;
				CODE_SIGN_STYLE = Automatic;
				COMBINE_HIDPI_IMAGES = YES;
				DEFINES_MODULE = YES;
				DEVELOPMENT_TEAM = A3KP5SQ39M;
				DYLIB_COMPATIBILITY_VERSION = 1;
				DYLIB_CURRENT_VERSION = 1;
				DYLIB_INSTALL_NAME_BASE = "@rpath";
				INFOPLIST_FILE = FeedFramework/Info.plist;
				INSTALL_PATH = "$(LOCAL_LIBRARY_DIR)/Frameworks";
				LD_RUNPATH_SEARCH_PATHS = (
					"$(inherited)",
					"@executable_path/../Frameworks",
					"@loader_path/Frameworks",
				);
				PRODUCT_BUNDLE_IDENTIFIER = sanjaypathak.FeedFramework;
				PRODUCT_NAME = "$(TARGET_NAME:c99extidentifier)";
				SKIP_INSTALL = YES;
				SWIFT_OPTIMIZATION_LEVEL = "-Onone";
				SWIFT_VERSION = 5.0;
			};
			name = Debug;
		};
		A7A90D352668750200F11414 /* Release */ = {
			isa = XCBuildConfiguration;
			buildSettings = {
				CLANG_ENABLE_MODULES = YES;
				CODE_SIGN_STYLE = Automatic;
				COMBINE_HIDPI_IMAGES = YES;
				DEFINES_MODULE = YES;
				DEVELOPMENT_TEAM = A3KP5SQ39M;
				DYLIB_COMPATIBILITY_VERSION = 1;
				DYLIB_CURRENT_VERSION = 1;
				DYLIB_INSTALL_NAME_BASE = "@rpath";
				INFOPLIST_FILE = FeedFramework/Info.plist;
				INSTALL_PATH = "$(LOCAL_LIBRARY_DIR)/Frameworks";
				LD_RUNPATH_SEARCH_PATHS = (
					"$(inherited)",
					"@executable_path/../Frameworks",
					"@loader_path/Frameworks",
				);
				PRODUCT_BUNDLE_IDENTIFIER = sanjaypathak.FeedFramework;
				PRODUCT_NAME = "$(TARGET_NAME:c99extidentifier)";
				SKIP_INSTALL = YES;
				SWIFT_VERSION = 5.0;
			};
			name = Release;
		};
		A7A90D372668750200F11414 /* Debug */ = {
			isa = XCBuildConfiguration;
			buildSettings = {
				ALWAYS_EMBED_SWIFT_STANDARD_LIBRARIES = YES;
				CODE_SIGN_STYLE = Automatic;
				COMBINE_HIDPI_IMAGES = YES;
				DEVELOPMENT_TEAM = A3KP5SQ39M;
				INFOPLIST_FILE = FeedFrameworkTests/Info.plist;
				LD_RUNPATH_SEARCH_PATHS = (
					"$(inherited)",
					"@executable_path/../Frameworks",
					"@loader_path/../Frameworks",
				);
				PRODUCT_BUNDLE_IDENTIFIER = sanjaypathak.FeedFrameworkTests;
				PRODUCT_NAME = "$(TARGET_NAME)";
				SWIFT_VERSION = 5.0;
			};
			name = Debug;
		};
		A7A90D382668750200F11414 /* Release */ = {
			isa = XCBuildConfiguration;
			buildSettings = {
				ALWAYS_EMBED_SWIFT_STANDARD_LIBRARIES = YES;
				CODE_SIGN_STYLE = Automatic;
				COMBINE_HIDPI_IMAGES = YES;
				DEVELOPMENT_TEAM = A3KP5SQ39M;
				INFOPLIST_FILE = FeedFrameworkTests/Info.plist;
				LD_RUNPATH_SEARCH_PATHS = (
					"$(inherited)",
					"@executable_path/../Frameworks",
					"@loader_path/../Frameworks",
				);
				PRODUCT_BUNDLE_IDENTIFIER = sanjaypathak.FeedFrameworkTests;
				PRODUCT_NAME = "$(TARGET_NAME)";
				SWIFT_VERSION = 5.0;
			};
			name = Release;
		};
/* End XCBuildConfiguration section */

/* Begin XCConfigurationList section */
		A7A90D192668750100F11414 /* Build configuration list for PBXProject "FeedFramework" */ = {
			isa = XCConfigurationList;
			buildConfigurations = (
				A7A90D312668750200F11414 /* Debug */,
				A7A90D322668750200F11414 /* Release */,
			);
			defaultConfigurationIsVisible = 0;
			defaultConfigurationName = Release;
		};
		A7A90D332668750200F11414 /* Build configuration list for PBXNativeTarget "FeedFramework" */ = {
			isa = XCConfigurationList;
			buildConfigurations = (
				A7A90D342668750200F11414 /* Debug */,
				A7A90D352668750200F11414 /* Release */,
			);
			defaultConfigurationIsVisible = 0;
			defaultConfigurationName = Release;
		};
		A7A90D362668750200F11414 /* Build configuration list for PBXNativeTarget "FeedFrameworkTests" */ = {
			isa = XCConfigurationList;
			buildConfigurations = (
				A7A90D372668750200F11414 /* Debug */,
				A7A90D382668750200F11414 /* Release */,
			);
			defaultConfigurationIsVisible = 0;
			defaultConfigurationName = Release;
		};
/* End XCConfigurationList section */
	};
	rootObject = A7A90D162668750100F11414 /* Project object */;
}
